
Microsoft Visual Studio Solution File, Format Version 12.00
# Visual Studio Version 16
VisualStudioVersion = 16.0.31105.61
MinimumVisualStudioVersion = 10.0.40219.1
Project("{9A19103F-16F7-4668-BE54-9A1E7A4F7556}") = "0_Framework", "0_Framework\0_Framework.csproj", "{634C368B-5A50-404B-881D-ADFDDCFA3E00}"
EndProject
Project("{9A19103F-16F7-4668-BE54-9A1E7A4F7556}") = "SM.Domain", "ShopManagement.Domain\SM.Domain.csproj", "{309C05B9-FD35-42F2-8B00-58965519D579}"
EndProject
Project("{2150E333-8FDC-42A3-9474-1A3956D46DE8}") = "Shop.Management", "Shop.Management", "{4247E0A4-E0FF-4499-82CD-95DD9167FEE5}"
EndProject
Project("{9A19103F-16F7-4668-BE54-9A1E7A4F7556}") = "SM.Application.Contracts", "SM.Application.Contracts\SM.Application.Contracts.csproj", "{82EA281E-D2B3-490C-A169-A97B7FBD8CBC}"
EndProject
Project("{9A19103F-16F7-4668-BE54-9A1E7A4F7556}") = "SM.Application", "SM.Application\SM.Application.csproj", "{6F3C6172-F7BA-461D-A656-48E6B47DD3ED}"
EndProject
Project("{9A19103F-16F7-4668-BE54-9A1E7A4F7556}") = "SM.Infrastructure", "SM.Infrastructure\SM.Infrastructure.csproj", "{4A8768E9-3214-4AB5-9E3D-E6272F1CC284}"
EndProject
Project("{9A19103F-16F7-4668-BE54-9A1E7A4F7556}") = "SM.Infrastructure.Core", "SM.Infrastructure.Core\SM.Infrastructure.Core.csproj", "{5293A695-FB51-4A51-A2F4-3AC16900A717}"
EndProject
Project("{9A19103F-16F7-4668-BE54-9A1E7A4F7556}") = "ServiceHost", "ServiceHost\ServiceHost.csproj", "{80705386-F5F8-49B3-B2F3-31D08BD017FA}"
EndProject
Project("{FAE04EC0-301F-11D3-BF4B-00C04F79EFBC}") = "Query", "Query\Query.csproj", "{BDD21FFC-B458-4028-B4B6-19EDE667B8A3}"
EndProject
Global
	GlobalSection(SolutionConfigurationPlatforms) = preSolution
		Debug|Any CPU = Debug|Any CPU
		Release|Any CPU = Release|Any CPU
	EndGlobalSection
	GlobalSection(ProjectConfigurationPlatforms) = postSolution
		{634C368B-5A50-404B-881D-ADFDDCFA3E00}.Debug|Any CPU.ActiveCfg = Debug|Any CPU
		{634C368B-5A50-404B-881D-ADFDDCFA3E00}.Debug|Any CPU.Build.0 = Debug|Any CPU
		{634C368B-5A50-404B-881D-ADFDDCFA3E00}.Release|Any CPU.ActiveCfg = Release|Any CPU
		{634C368B-5A50-404B-881D-ADFDDCFA3E00}.Release|Any CPU.Build.0 = Release|Any CPU
		{309C05B9-FD35-42F2-8B00-58965519D579}.Debug|Any CPU.ActiveCfg = Debug|Any CPU
		{309C05B9-FD35-42F2-8B00-58965519D579}.Debug|Any CPU.Build.0 = Debug|Any CPU
		{309C05B9-FD35-42F2-8B00-58965519D579}.Release|Any CPU.ActiveCfg = Release|Any CPU
		{309C05B9-FD35-42F2-8B00-58965519D579}.Release|Any CPU.Build.0 = Release|Any CPU
		{82EA281E-D2B3-490C-A169-A97B7FBD8CBC}.Debug|Any CPU.ActiveCfg = Debug|Any CPU
		{82EA281E-D2B3-490C-A169-A97B7FBD8CBC}.Debug|Any CPU.Build.0 = Debug|Any CPU
		{82EA281E-D2B3-490C-A169-A97B7FBD8CBC}.Release|Any CPU.ActiveCfg = Release|Any CPU
		{82EA281E-D2B3-490C-A169-A97B7FBD8CBC}.Release|Any CPU.Build.0 = Release|Any CPU
		{6F3C6172-F7BA-461D-A656-48E6B47DD3ED}.Debug|Any CPU.ActiveCfg = Debug|Any CPU
		{6F3C6172-F7BA-461D-A656-48E6B47DD3ED}.Debug|Any CPU.Build.0 = Debug|Any CPU
		{6F3C6172-F7BA-461D-A656-48E6B47DD3ED}.Release|Any CPU.ActiveCfg = Release|Any CPU
		{6F3C6172-F7BA-461D-A656-48E6B47DD3ED}.Release|Any CPU.Build.0 = Release|Any CPU
		{4A8768E9-3214-4AB5-9E3D-E6272F1CC284}.Debug|Any CPU.ActiveCfg = Debug|Any CPU
		{4A8768E9-3214-4AB5-9E3D-E6272F1CC284}.Debug|Any CPU.Build.0 = Debug|Any CPU
		{4A8768E9-3214-4AB5-9E3D-E6272F1CC284}.Release|Any CPU.ActiveCfg = Release|Any CPU
		{4A8768E9-3214-4AB5-9E3D-E6272F1CC284}.Release|Any CPU.Build.0 = Release|Any CPU
		{5293A695-FB51-4A51-A2F4-3AC16900A717}.Debug|Any CPU.ActiveCfg = Debug|Any CPU
		{5293A695-FB51-4A51-A2F4-3AC16900A717}.Debug|Any CPU.Build.0 = Debug|Any CPU
		{5293A695-FB51-4A51-A2F4-3AC16900A717}.Release|Any CPU.ActiveCfg = Release|Any CPU
		{5293A695-FB51-4A51-A2F4-3AC16900A717}.Release|Any CPU.Build.0 = Release|Any CPU
		{80705386-F5F8-49B3-B2F3-31D08BD017FA}.Debug|Any CPU.ActiveCfg = Debug|Any CPU
		{80705386-F5F8-49B3-B2F3-31D08BD017FA}.Debug|Any CPU.Build.0 = Debug|Any CPU
		{80705386-F5F8-49B3-B2F3-31D08BD017FA}.Release|Any CPU.ActiveCfg = Release|Any CPU
		{80705386-F5F8-49B3-B2F3-31D08BD017FA}.Release|Any CPU.Build.0 = Release|Any CPU
		{BDD21FFC-B458-4028-B4B6-19EDE667B8A3}.Debug|Any CPU.ActiveCfg = Debug|Any CPU
		{BDD21FFC-B458-4028-B4B6-19EDE667B8A3}.Debug|Any CPU.Build.0 = Debug|Any CPU
		{BDD21FFC-B458-4028-B4B6-19EDE667B8A3}.Release|Any CPU.ActiveCfg = Release|Any CPU
		{BDD21FFC-B458-4028-B4B6-19EDE667B8A3}.Release|Any CPU.Build.0 = Release|Any CPU
	EndGlobalSection
	GlobalSection(SolutionProperties) = preSolution
		HideSolutionNode = FALSE
	EndGlobalSection
	GlobalSection(NestedProjects) = preSolution
		{309C05B9-FD35-42F2-8B00-58965519D579} = {4247E0A4-E0FF-4499-82CD-95DD9167FEE5}
		{82EA281E-D2B3-490C-A169-A97B7FBD8CBC} = {4247E0A4-E0FF-4499-82CD-95DD9167FEE5}
		{6F3C6172-F7BA-461D-A656-48E6B47DD3ED} = {4247E0A4-E0FF-4499-82CD-95DD9167FEE5}
		{4A8768E9-3214-4AB5-9E3D-E6272F1CC284} = {4247E0A4-E0FF-4499-82CD-95DD9167FEE5}
		{5293A695-FB51-4A51-A2F4-3AC16900A717} = {4247E0A4-E0FF-4499-82CD-95DD9167FEE5}
	EndGlobalSection
	GlobalSection(ExtensibilityGlobals) = postSolution
		SolutionGuid = {52A0F967-41FD-4A12-A9C3-FB53D9B67AE3}
	EndGlobalSection
EndGlobal
